
Microsoft Visual Studio Solution File, Format Version 12.00
# Visual Studio Version 17
VisualStudioVersion = 17.10.35013.160
MinimumVisualStudioVersion = 10.0.40219.1
Project("{9A19103F-16F7-4668-BE54-9A1E7A4F7556}") = "MNutz.ContactDemo.Ui", "MNutz.ContactDemo.Ui\MNutz.ContactDemo.Ui.csproj", "{F4E06C31-55F0-4DDA-832A-4047E1FCCBED}"
EndProject
Project("{2150E333-8FDC-42A3-9474-1A3956D46DE8}") = "Solution Items", "Solution Items", "{1041A635-B088-4F52-BD0F-D883F64B4862}"
	ProjectSection(SolutionItems) = preProject
		autofac.json = autofac.json
	EndProjectSection
EndProject
Global
	GlobalSection(SolutionConfigurationPlatforms) = preSolution
		Debug|Any CPU = Debug|Any CPU
		Release|Any CPU = Release|Any CPU
	EndGlobalSection
	GlobalSection(ProjectConfigurationPlatforms) = postSolution
		{F4E06C31-55F0-4DDA-832A-4047E1FCCBED}.Debug|Any CPU.ActiveCfg = Debug|Any CPU
		{F4E06C31-55F0-4DDA-832A-4047E1FCCBED}.Debug|Any CPU.Build.0 = Debug|Any CPU
		{F4E06C31-55F0-4DDA-832A-4047E1FCCBED}.Release|Any CPU.ActiveCfg = Release|Any CPU
		{F4E06C31-55F0-4DDA-832A-4047E1FCCBED}.Release|Any CPU.Build.0 = Release|Any CPU
	EndGlobalSection
	GlobalSection(SolutionProperties) = preSolution
		HideSolutionNode = FALSE
	EndGlobalSection
	GlobalSection(ExtensibilityGlobals) = postSolution
		SolutionGuid = {C8E48A87-DABC-459E-9E27-C42644597C91}
	EndGlobalSection
EndGlobal
